// !$*UTF8*$!
{
	archiveVersion = 1;
	classes = {
	};
	objectVersion = 56;
	objects = {

/* Begin PBXBuildFile section */
		AA000000000000000000B001 /* TagAlarmApp.swift in Sources */ = {isa = PBXBuildFile; fileRef = AA000000000000000000A001 /* TagAlarmApp.swift */; };
		AA000000000000000000B002 /* ContentView.swift in Sources */ = {isa = PBXBuildFile; fileRef = AA000000000000000000A002 /* ContentView.swift */; };
		AA000000000000000000B003 /* Alarm.swift in Sources */ = {isa = PBXBuildFile; fileRef = AA000000000000000000A003 /* Alarm.swift */; };
		AA000000000000000000B004 /* Checkpoint.swift in Sources */ = {isa = PBXBuildFile; fileRef = AA000000000000000000A004 /* Checkpoint.swift */; };
		AA000000000000000000B005 /* AlarmManager.swift in Sources */ = {isa = PBXBuildFile; fileRef = AA000000000000000000A005 /* AlarmManager.swift */; };
		AA000000000000000000B006 /* NFCManager.swift in Sources */ = {isa = PBXBuildFile; fileRef = AA000000000000000000A006 /* NFCManager.swift */; };
		AA000000000000000000B007 /* LocationManager.swift in Sources */ = {isa = PBXBuildFile; fileRef = AA000000000000000000A007 /* LocationManager.swift */; };
		AA000000000000000000B008 /* AudioManager.swift in Sources */ = {isa = PBXBuildFile; fileRef = AA000000000000000000A008 /* AudioManager.swift */; };
		AA000000000000000000B009 /* AlarmListView.swift in Sources */ = {isa = PBXBuildFile; fileRef = AA000000000000000000A009 /* AlarmListView.swift */; };
		AA000000000000000000B00A /* AddAlarmView.swift in Sources */ = {isa = PBXBuildFile; fileRef = AA000000000000000000A00A /* AddAlarmView.swift */; };
		AA000000000000000000B00B /* ActiveAlarmView.swift in Sources */ = {isa = PBXBuildFile; fileRef = AA000000000000000000A00B /* ActiveAlarmView.swift */; };
		AA000000000000000000B00C /* CheckpointSetupView.swift in Sources */ = {isa = PBXBuildFile; fileRef = AA000000000000000000A00C /* CheckpointSetupView.swift */; };
		AA000000000000000000B00D /* LocationView.swift in Sources */ = {isa = PBXBuildFile; fileRef = AA000000000000000000A00D /* LocationView.swift */; };
		AA000000000000000000B00E /* Assets.xcassets in Resources */ = {isa = PBXBuildFile; fileRef = AA000000000000000000A00E /* Assets.xcassets */; };
/* End PBXBuildFile section */

/* Begin PBXFileReference section */
		AA000000000000000000A001 /* TagAlarmApp.swift */ = {isa = PBXFileReference; lastKnownFileType = sourcecode.swift; path = TagAlarmApp.swift; sourceTree = "<group>"; };
		AA000000000000000000A002 /* ContentView.swift */ = {isa = PBXFileReference; lastKnownFileType = sourcecode.swift; path = ContentView.swift; sourceTree = "<group>"; };
		AA000000000000000000A003 /* Alarm.swift */ = {isa = PBXFileReference; lastKnownFileType = sourcecode.swift; path = Alarm.swift; sourceTree = "<group>"; };
		AA000000000000000000A004 /* Checkpoint.swift */ = {isa = PBXFileReference; lastKnownFileType = sourcecode.swift; path = Checkpoint.swift; sourceTree = "<group>"; };
		AA000000000000000000A005 /* AlarmManager.swift */ = {isa = PBXFileReference; lastKnownFileType = sourcecode.swift; path = AlarmManager.swift; sourceTree = "<group>"; };
		AA000000000000000000A006 /* NFCManager.swift */ = {isa = PBXFileReference; lastKnownFileType = sourcecode.swift; path = NFCManager.swift; sourceTree = "<group>"; };
		AA000000000000000000A007 /* LocationManager.swift */ = {isa = PBXFileReference; lastKnownFileType = sourcecode.swift; path = LocationManager.swift; sourceTree = "<group>"; };
		AA000000000000000000A008 /* AudioManager.swift */ = {isa = PBXFileReference; lastKnownFileType = sourcecode.swift; path = AudioManager.swift; sourceTree = "<group>"; };
		AA000000000000000000A009 /* AlarmListView.swift */ = {isa = PBXFileReference; lastKnownFileType = sourcecode.swift; path = AlarmListView.swift; sourceTree = "<group>"; };
		AA000000000000000000A00A /* AddAlarmView.swift */ = {isa = PBXFileReference; lastKnownFileType = sourcecode.swift; path = AddAlarmView.swift; sourceTree = "<group>"; };
		AA000000000000000000A00B /* ActiveAlarmView.swift */ = {isa = PBXFileReference; lastKnownFileType = sourcecode.swift; path = ActiveAlarmView.swift; sourceTree = "<group>"; };
		AA000000000000000000A00C /* CheckpointSetupView.swift */ = {isa = PBXFileReference; lastKnownFileType = sourcecode.swift; path = CheckpointSetupView.swift; sourceTree = "<group>"; };
		AA000000000000000000A00D /* LocationView.swift */ = {isa = PBXFileReference; lastKnownFileType = sourcecode.swift; path = LocationView.swift; sourceTree = "<group>"; };
		AA000000000000000000A00E /* Assets.xcassets */ = {isa = PBXFileReference; lastKnownFileType = folder.assetcatalog; path = Assets.xcassets; sourceTree = "<group>"; };
		AA000000000000000000A00F /* Info.plist */ = {isa = PBXFileReference; lastKnownFileType = text.plist.xml; path = Info.plist; sourceTree = "<group>"; };
		AA000000000000000000A010 /* TagAlarm.entitlements */ = {isa = PBXFileReference; lastKnownFileType = text.plist.entitlements; path = TagAlarm.entitlements; sourceTree = "<group>"; };
		AA000000000000000000A011 /* TagAlarm.app */ = {isa = PBXFileReference; explicitFileType = wrapper.application; includeInIndex = 0; path = TagAlarm.app; sourceTree = BUILT_PRODUCTS_DIR; };
/* End PBXFileReference section */

/* Begin PBXFrameworksBuildPhase section */
		AA000000000000000000D001 /* Frameworks */ = {
			isa = PBXFrameworksBuildPhase;
			buildActionMask = 2147483647;
			files = (
			);
			runOnlyForDeploymentPostprocessing = 0;
		};
/* End PBXFrameworksBuildPhase section */

/* Begin PBXGroup section */
		AA000000000000000000C001 /* Root */ = {
			isa = PBXGroup;
			children = (
				AA000000000000000000C002 /* TagAlarm */,
				AA000000000000000000C006 /* Products */,
			);
			sourceTree = "<group>";
		};
		AA000000000000000000C002 /* TagAlarm */ = {
			isa = PBXGroup;
			children = (
				AA000000000000000000C003 /* App */,
				AA000000000000000000C004 /* Models */,
				AA000000000000000000C005 /* Managers */,
				AA000000000000000000C007 /* Views */,
				AA000000000000000000A00E /* Assets.xcassets */,
				AA000000000000000000A00F /* Info.plist */,
				AA000000000000000000A010 /* TagAlarm.entitlements */,
			);
			path = TagAlarm;
			sourceTree = "<group>";
		};
		AA000000000000000000C003 /* App */ = {
			isa = PBXGroup;
			children = (
				AA000000000000000000A001 /* TagAlarmApp.swift */,
			);
			path = App;
			sourceTree = "<group>";
		};
		AA000000000000000000C004 /* Models */ = {
			isa = PBXGroup;
			children = (
				AA000000000000000000A003 /* Alarm.swift */,
				AA000000000000000000A004 /* Checkpoint.swift */,
			);
			path = Models;
			sourceTree = "<group>";
		};
		AA000000000000000000C005 /* Managers */ = {
			isa = PBXGroup;
			children = (
				AA000000000000000000A005 /* AlarmManager.swift */,
				AA000000000000000000A006 /* NFCManager.swift */,
				AA000000000000000000A007 /* LocationManager.swift */,
				AA000000000000000000A008 /* AudioManager.swift */,
			);
			path = Managers;
			sourceTree = "<group>";
		};
		AA000000000000000000C006 /* Products */ = {
			isa = PBXGroup;
			children = (
				AA000000000000000000A011 /* TagAlarm.app */,
			);
			name = Products;
			sourceTree = "<group>";
		};
		AA000000000000000000C007 /* Views */ = {
			isa = PBXGroup;
			children = (
				AA000000000000000000A002 /* ContentView.swift */,
				AA000000000000000000A009 /* AlarmListView.swift */,
				AA000000000000000000A00A /* AddAlarmView.swift */,
				AA000000000000000000A00B /* ActiveAlarmView.swift */,
				AA000000000000000000A00C /* CheckpointSetupView.swift */,
				AA000000000000000000A00D /* LocationView.swift */,
			);
			path = Views;
			sourceTree = "<group>";
		};
/* End PBXGroup section */

/* Begin PBXNativeTarget section */
		AA000000000000000000E001 /* TagAlarm */ = {
			isa = PBXNativeTarget;
			buildConfigurationList = AA000000000000000000F002 /* Build configuration list for PBXNativeTarget "TagAlarm" */;
			buildPhases = (
				AA000000000000000000D002 /* Sources */,
				AA000000000000000000D001 /* Frameworks */,
				AA000000000000000000D003 /* Resources */,
			);
			buildRules = (
			);
			dependencies = (
			);
			name = TagAlarm;
			productName = TagAlarm;
			productReference = AA000000000000000000A011 /* TagAlarm.app */;
			productType = "com.apple.product-type.application";
		};
/* End PBXNativeTarget section */

/* Begin PBXProject section */
		AA000000000000000000E002 /* Project object */ = {
			isa = PBXProject;
			attributes = {
				BuildIndependentTargetsInParallel = 1;
				LastSwiftUpdateCheck = 1540;
				LastUpgradeCheck = 1540;
				TargetAttributes = {
					AA000000000000000000E001 = {
						CreatedOnToolsVersion = 15.4;
					};
				};
			};
			buildConfigurationList = AA000000000000000000F001 /* Build configuration list for PBXProject "TagAlarm" */;
			compatibilityVersion = "Xcode 14.0";
			developmentRegion = en;
			hasScannedForEncodings = 0;
			knownRegions = (
				en,
				Base,
			);
			mainGroup = AA000000000000000000C001 /* Root */;
			productRefGroup = AA000000000000000000C006 /* Products */;
			projectDirPath = "";
			projectRoot = "";
			targets = (
				AA000000000000000000E001 /* TagAlarm */,
			);
		};
/* End PBXProject section */

/* Begin PBXResourcesBuildPhase section */
		AA000000000000000000D003 /* Resources */ = {
			isa = PBXResourcesBuildPhase;
			buildActionMask = 2147483647;
			files = (
				AA000000000000000000B00E /* Assets.xcassets in Resources */,
			);
			runOnlyForDeploymentPostprocessing = 0;
		};
/* End PBXResourcesBuildPhase section */

/* Begin PBXSourcesBuildPhase section */
		AA000000000000000000D002 /* Sources */ = {
			isa = PBXSourcesBuildPhase;
			buildActionMask = 2147483647;
			files = (
				AA000000000000000000B001 /* TagAlarmApp.swift in Sources */,
				AA000000000000000000B002 /* ContentView.swift in Sources */,
				AA000000000000000000B003 /* Alarm.swift in Sources */,
				AA000000000000000000B004 /* Checkpoint.swift in Sources */,
				AA000000000000000000B005 /* AlarmManager.swift in Sources */,
				AA000000000000000000B006 /* NFCManager.swift in Sources */,
				AA000000000000000000B007 /* LocationManager.swift in Sources */,
				AA000000000000000000B008 /* AudioManager.swift in Sources */,
				AA000000000000000000B009 /* AlarmListView.swift in Sources */,
				AA000000000000000000B00A /* AddAlarmView.swift in Sources */,
				AA000000000000000000B00B /* ActiveAlarmView.swift in Sources */,
				AA000000000000000000B00C /* CheckpointSetupView.swift in Sources */,
				AA000000000000000000B00D /* LocationView.swift in Sources */,
			);
			runOnlyForDeploymentPostprocessing = 0;
		};
/* End PBXSourcesBuildPhase section */

/* Begin XCBuildConfiguration section */
		AA0000000000000000000001 /* Debug */ = {
			isa = XCBuildConfiguration;
			buildSettings = {
				ALWAYS_SEARCH_USER_PATHS = NO;
				ASSETCATALOG_COMPILER_GENERATE_SWIFT_ASSET_SYMBOL_EXTENSIONS = YES;
				CLANG_ANALYZER_NONNULL = YES;
				CLANG_CXX_LANGUAGE_STANDARD = "gnu++20";
				CLANG_ENABLE_MODULES = YES;
				CLANG_ENABLE_OBJC_ARC = YES;
				COPY_PHASE_STRIP = NO;
				DEBUG_INFORMATION_FORMAT = dwarf;
				ENABLE_STRICT_OBJC_MSGSEND = YES;
				ENABLE_TESTABILITY = YES;
				ENABLE_USER_SCRIPT_SANDBOXING = YES;
				GCC_C_LANGUAGE_STANDARD = gnu17;
				GCC_DYNAMIC_NO_PIC = NO;
				GCC_OPTIMIZATION_LEVEL = 0;
				GCC_WARN_ABOUT_RETURN_TYPE = YES_ERROR;
				GCC_WARN_UNINITIALIZED_AUTOS = YES_AGGRESSIVE;
				IPHONEOS_DEPLOYMENT_TARGET = 17.0;
				LOCALIZATION_PREFERS_STRING_CATALOGS = YES;
				MTL_ENABLE_DEBUG_INFO = INCLUDE_SOURCE;
				ONLY_ACTIVE_ARCH = YES;
				SDKROOT = iphoneos;
				SWIFT_ACTIVE_COMPILATION_CONDITIONS = "DEBUG $(inherited)";
				SWIFT_OPTIMIZATION_LEVEL = "-Onone";
			};
			name = Debug;
		};
		AA0000000000000000000002 /* Release */ = {
			isa = XCBuildConfiguration;
			buildSettings = {
				ALWAYS_SEARCH_USER_PATHS = NO;
				ASSETCATALOG_COMPILER_GENERATE_SWIFT_ASSET_SYMBOL_EXTENSIONS = YES;
				CLANG_ANALYZER_NONNULL = YES;
				CLANG_CXX_LANGUAGE_STANDARD = "gnu++20";
				CLANG_ENABLE_MODULES = YES;
				CLANG_ENABLE_OBJC_ARC = YES;
				COPY_PHASE_STRIP = NO;
				DEBUG_INFORMATION_FORMAT = "dwarf-with-dsym";
				ENABLE_NS_ASSERTIONS = NO;
				ENABLE_STRICT_OBJC_MSGSEND = YES;
				ENABLE_USER_SCRIPT_SANDBOXING = YES;
				GCC_C_LANGUAGE_STANDARD = gnu17;
				GCC_WARN_ABOUT_RETURN_TYPE = YES_ERROR;
				GCC_WARN_UNINITIALIZED_AUTOS = YES_AGGRESSIVE;
				IPHONEOS_DEPLOYMENT_TARGET = 17.0;
				LOCALIZATION_PREFERS_STRING_CATALOGS = YES;
				SDKROOT = iphoneos;
				SWIFT_COMPILATION_MODE = wholemodule;
				VALIDATE_PRODUCT = YES;
			};
			name = Release;
		};
		AA0000000000000000000003 /* Debug */ = {
			isa = XCBuildConfiguration;
			buildSettings = {
				ASSETCATALOG_COMPILER_APPICON_NAME = AppIcon;
				ASSETCATALOG_COMPILER_GLOBAL_ACCENT_COLOR_NAME = AccentColor;
				CODE_SIGN_ENTITLEMENTS = TagAlarm/TagAlarm.entitlements;
				CODE_SIGN_STYLE = Automatic;
				CURRENT_PROJECT_VERSION = 1;
				DEVELOPMENT_TEAM = "";
				GENERATE_INFOPLIST_FILE = NO;
				INFOPLIST_FILE = TagAlarm/Info.plist;
				INFOPLIST_KEY_CFBundleDisplayName = TagAlarm;
				INFOPLIST_KEY_LSApplicationCategoryType = "public.app-category.utilities";
				INFOPLIST_KEY_UIApplicationSceneManifest_Generation = YES;
				INFOPLIST_KEY_UIApplicationSupportsIndirectInputEvents = YES;
				INFOPLIST_KEY_UISupportedInterfaceOrientations = UIInterfaceOrientationPortrait;
				LD_RUNPATH_SEARCH_PATHS = (
					"$(inherited)",
					"@executable_path/Frameworks",
				);
				MARKETING_VERSION = 1.0;
				PRODUCT_BUNDLE_IDENTIFIER = com.yourname.TagAlarm;
				PRODUCT_NAME = "$(TARGET_NAME)";
				SUPPORTED_PLATFORMS = "iphoneos iphonesimulator";
				SUPPORTS_MACCATALYST = NO;
				SWIFT_EMIT_LOC_STRINGS = YES;
				SWIFT_VERSION = 5.0;
				TARGETED_DEVICE_FAMILY = 1;
			};
			name = Debug;
		};
		AA0000000000000000000004 /* Release */ = {
			isa = XCBuildConfiguration;
			buildSettings = {
				ASSETCATALOG_COMPILER_APPICON_NAME = AppIcon;
				ASSETCATALOG_COMPILER_GLOBAL_ACCENT_COLOR_NAME = AccentColor;
				CODE_SIGN_ENTITLEMENTS = TagAlarm/TagAlarm.entitlements;
				CODE_SIGN_STYLE = Automatic;
				CURRENT_PROJECT_VERSION = 1;
				DEVELOPMENT_TEAM = "";
				GENERATE_INFOPLIST_FILE = NO;
				INFOPLIST_FILE = TagAlarm/Info.plist;
				INFOPLIST_KEY_CFBundleDisplayName = TagAlarm;
				INFOPLIST_KEY_LSApplicationCategoryType = "public.app-category.utilities";
				INFOPLIST_KEY_UIApplicationSceneManifest_Generation = YES;
				INFOPLIST_KEY_UIApplicationSupportsIndirectInputEvents = YES;
				INFOPLIST_KEY_UISupportedInterfaceOrientations = UIInterfaceOrientationPortrait;
				LD_RUNPATH_SEARCH_PATHS = (
					"$(inherited)",
					"@executable_path/Frameworks",
				);
				MARKETING_VERSION = 1.0;
				PRODUCT_BUNDLE_IDENTIFIER = com.yourname.TagAlarm;
				PRODUCT_NAME = "$(TARGET_NAME)";
				SUPPORTED_PLATFORMS = "iphoneos iphonesimulator";
				SUPPORTS_MACCATALYST = NO;
				SWIFT_EMIT_LOC_STRINGS = YES;
				SWIFT_VERSION = 5.0;
				TARGETED_DEVICE_FAMILY = 1;
			};
			name = Release;
		};
/* End XCBuildConfiguration section */

/* Begin XCConfigurationList section */
		AA000000000000000000F001 /* Build configuration list for PBXProject "TagAlarm" */ = {
			isa = XCConfigurationList;
			buildConfigurations = (
				AA0000000000000000000001 /* Debug */,
				AA0000000000000000000002 /* Release */,
			);
			defaultConfigurationIsVisible = 0;
			defaultConfigurationName = Release;
		};
		AA000000000000000000F002 /* Build configuration list for PBXNativeTarget "TagAlarm" */ = {
			isa = XCConfigurationList;
			buildConfigurations = (
				AA0000000000000000000003 /* Debug */,
				AA0000000000000000000004 /* Release */,
			);
			defaultConfigurationIsVisible = 0;
			defaultConfigurationName = Release;
		};
/* End XCConfigurationList section */

	};
	rootObject = AA000000000000000000E002 /* Project object */;
}
